{
  "requires": true,
  "lockfileVersion": 1,
  "dependencies": {
    "vue-cli-plugin-element-ui": {
      "version": "1.1.4",
      "resolved": "https://registry.npm.taobao.org/vue-cli-plugin-element-ui/download/vue-cli-plugin-element-ui-1.1.4.tgz",
      "integrity": "sha1-gwdkDYUjC6YeFekmh59pW6jurt8=",
      "dev": true
    }
  }
}
